
Microsoft Visual Studio Solution File, Format Version 12.00
# Visual Studio Version 16
VisualStudioVersion = 16.0.30611.23
MinimumVisualStudioVersion = 10.0.40219.1
Project("{9A19103F-16F7-4668-BE54-9A1E7A4F7556}") = "GloballyPaid.CSharp.Sdk", "GloballyPaid.CSharp.Sdk\GloballyPaid.CSharp.Sdk.csproj", "{7DD38CF8-C8BF-4ABB-A910-EFB80AFCD357}"
EndProject
Project("{FAE04EC0-301F-11D3-BF4B-00C04F79EFBC}") = "GloballyPaid.CSharp.Sdk.Tests", "GloballyPaid.CSharp.Sdk.Tests\GloballyPaid.CSharp.Sdk.Tests.csproj", "{BB1D59B7-85B5-45C7-91ED-A53C075A86DF}"
EndProject
Global
	GlobalSection(SolutionConfigurationPlatforms) = preSolution
		Debug|Any CPU = Debug|Any CPU
		Release|Any CPU = Release|Any CPU
	EndGlobalSection
	GlobalSection(ProjectConfigurationPlatforms) = postSolution
		{7DD38CF8-C8BF-4ABB-A910-EFB80AFCD357}.Debug|Any CPU.ActiveCfg = Debug|Any CPU
		{7DD38CF8-C8BF-4ABB-A910-EFB80AFCD357}.Debug|Any CPU.Build.0 = Debug|Any CPU
		{7DD38CF8-C8BF-4ABB-A910-EFB80AFCD357}.Release|Any CPU.ActiveCfg = Release|Any CPU
		{7DD38CF8-C8BF-4ABB-A910-EFB80AFCD357}.Release|Any CPU.Build.0 = Release|Any CPU
		{BB1D59B7-85B5-45C7-91ED-A53C075A86DF}.Debug|Any CPU.ActiveCfg = Debug|Any CPU
		{BB1D59B7-85B5-45C7-91ED-A53C075A86DF}.Debug|Any CPU.Build.0 = Debug|Any CPU
		{BB1D59B7-85B5-45C7-91ED-A53C075A86DF}.Release|Any CPU.ActiveCfg = Release|Any CPU
		{BB1D59B7-85B5-45C7-91ED-A53C075A86DF}.Release|Any CPU.Build.0 = Release|Any CPU
	EndGlobalSection
	GlobalSection(SolutionProperties) = preSolution
		HideSolutionNode = FALSE
	EndGlobalSection
	GlobalSection(ExtensibilityGlobals) = postSolution
		SolutionGuid = {287D2158-6189-4D92-97CD-F3ACB9000518}
	EndGlobalSection
EndGlobal
